
Microsoft Visual Studio Solution File, Format Version 12.00
# Visual Studio 14
VisualStudioVersion = 14.0.25420.1
MinimumVisualStudioVersion = 10.0.40219.1
Project("{FAE04EC0-301F-11D3-BF4B-00C04F79EFBC}") = "RxFileSystemWatcher", "RxFileSystemWatcher\RxFileSystemWatcher.csproj", "{DADEDC55-1C23-4529-8D06-D24CB88F7793}"
EndProject
Project("{FAE04EC0-301F-11D3-BF4B-00C04F79EFBC}") = "Tests", "Tests\Tests.csproj", "{54716BA6-C555-4E61-8160-CE62EA23F610}"
EndProject
Project("{2150E333-8FDC-42A3-9474-1A3956D46DE8}") = ".nuget", ".nuget", "{5A74415C-7028-4F40-B92C-B0ECC9112F2C}"
	ProjectSection(SolutionItems) = preProject
		.nuget\NuGet.Config = .nuget\NuGet.Config
		.nuget\NuGet.exe = .nuget\NuGet.exe
		.nuget\NuGet.targets = .nuget\NuGet.targets
		.nuget\packages.config = .nuget\packages.config
	EndProjectSection
EndProject
Global
	GlobalSection(SolutionConfigurationPlatforms) = preSolution
		Debug|Any CPU = Debug|Any CPU
		Release|Any CPU = Release|Any CPU
	EndGlobalSection
	GlobalSection(ProjectConfigurationPlatforms) = postSolution
		{DADEDC55-1C23-4529-8D06-D24CB88F7793}.Debug|Any CPU.ActiveCfg = Debug|Any CPU
		{DADEDC55-1C23-4529-8D06-D24CB88F7793}.Debug|Any CPU.Build.0 = Debug|Any CPU
		{DADEDC55-1C23-4529-8D06-D24CB88F7793}.Release|Any CPU.ActiveCfg = Release|Any CPU
		{DADEDC55-1C23-4529-8D06-D24CB88F7793}.Release|Any CPU.Build.0 = Release|Any CPU
		{54716BA6-C555-4E61-8160-CE62EA23F610}.Debug|Any CPU.ActiveCfg = Debug|Any CPU
		{54716BA6-C555-4E61-8160-CE62EA23F610}.Debug|Any CPU.Build.0 = Debug|Any CPU
		{54716BA6-C555-4E61-8160-CE62EA23F610}.Release|Any CPU.ActiveCfg = Release|Any CPU
		{54716BA6-C555-4E61-8160-CE62EA23F610}.Release|Any CPU.Build.0 = Release|Any CPU
	EndGlobalSection
	GlobalSection(SolutionProperties) = preSolution
		HideSolutionNode = FALSE
	EndGlobalSection
EndGlobal
